
Microsoft Visual Studio Solution File, Format Version 12.00
# Visual Studio Version 16
VisualStudioVersion = 16.0.31829.152
MinimumVisualStudioVersion = 10.0.40219.1
Project("{FAE04EC0-301F-11D3-BF4B-00C04F79EFBC}") = "Web_MVC", "Web_MVC\Web_MVC.csproj", "{1FEF9EB3-5041-4E64-89CE-7EDB662F0546}"
EndProject
Global
	GlobalSection(SolutionConfigurationPlatforms) = preSolution
		Debug|Any CPU = Debug|Any CPU
		Release|Any CPU = Release|Any CPU
	EndGlobalSection
	GlobalSection(ProjectConfigurationPlatforms) = postSolution
		{1FEF9EB3-5041-4E64-89CE-7EDB662F0546}.Debug|Any CPU.ActiveCfg = Debug|Any CPU
		{1FEF9EB3-5041-4E64-89CE-7EDB662F0546}.Debug|Any CPU.Build.0 = Debug|Any CPU
		{1FEF9EB3-5041-4E64-89CE-7EDB662F0546}.Release|Any CPU.ActiveCfg = Release|Any CPU
		{1FEF9EB3-5041-4E64-89CE-7EDB662F0546}.Release|Any CPU.Build.0 = Release|Any CPU
	EndGlobalSection
	GlobalSection(SolutionProperties) = preSolution
		HideSolutionNode = FALSE
	EndGlobalSection
	GlobalSection(ExtensibilityGlobals) = postSolution
		SolutionGuid = {F7D7179F-27C4-4957-B668-2C3D4AE3D617}
	EndGlobalSection
EndGlobal
